
Microsoft Visual Studio Solution File, Format Version 12.00
# Visual Studio Version 17
VisualStudioVersion = 17.11.35327.3
MinimumVisualStudioVersion = 10.0.40219.1
Project("{FAE04EC0-301F-11D3-BF4B-00C04F79EFBC}") = "Memento", "Memento\Memento.csproj", "{51E519CA-6B6C-45B4-A5A3-C439E74BDC5E}"
EndProject
Global
	GlobalSection(SolutionConfigurationPlatforms) = preSolution
		Debug|Any CPU = Debug|Any CPU
		Release|Any CPU = Release|Any CPU
	EndGlobalSection
	GlobalSection(ProjectConfigurationPlatforms) = postSolution
		{51E519CA-6B6C-45B4-A5A3-C439E74BDC5E}.Debug|Any CPU.ActiveCfg = Debug|Any CPU
		{51E519CA-6B6C-45B4-A5A3-C439E74BDC5E}.Debug|Any CPU.Build.0 = Debug|Any CPU
		{51E519CA-6B6C-45B4-A5A3-C439E74BDC5E}.Release|Any CPU.ActiveCfg = Release|Any CPU
		{51E519CA-6B6C-45B4-A5A3-C439E74BDC5E}.Release|Any CPU.Build.0 = Release|Any CPU
	EndGlobalSection
	GlobalSection(SolutionProperties) = preSolution
		HideSolutionNode = FALSE
	EndGlobalSection
	GlobalSection(ExtensibilityGlobals) = postSolution
		SolutionGuid = {AB32CB08-AE7B-46BC-AAE9-49AE0C634243}
	EndGlobalSection
EndGlobal
